
Microsoft Visual Studio Solution File, Format Version 12.00
# Visual Studio Version 17
VisualStudioVersion = 17.8.34525.116
MinimumVisualStudioVersion = 10.0.40219.1
Project("{FAE04EC0-301F-11D3-BF4B-00C04F79EFBC}") = "BMS", "BMS\BMS.csproj", "{C35A04A9-0BC1-4162-9B78-E8CB8E88DBD2}"
EndProject
Project("{FAE04EC0-301F-11D3-BF4B-00C04F79EFBC}") = "ModelView", "ModelView\ModelView.csproj", "{62424E1F-B6BE-42A4-836D-188FD9D0B0B5}"
EndProject
Global
	GlobalSection(SolutionConfigurationPlatforms) = preSolution
		Debug|Any CPU = Debug|Any CPU
		Release|Any CPU = Release|Any CPU
	EndGlobalSection
	GlobalSection(ProjectConfigurationPlatforms) = postSolution
		{C35A04A9-0BC1-4162-9B78-E8CB8E88DBD2}.Debug|Any CPU.ActiveCfg = Debug|Any CPU
		{C35A04A9-0BC1-4162-9B78-E8CB8E88DBD2}.Debug|Any CPU.Build.0 = Debug|Any CPU
		{C35A04A9-0BC1-4162-9B78-E8CB8E88DBD2}.Release|Any CPU.ActiveCfg = Release|Any CPU
		{C35A04A9-0BC1-4162-9B78-E8CB8E88DBD2}.Release|Any CPU.Build.0 = Release|Any CPU
		{62424E1F-B6BE-42A4-836D-188FD9D0B0B5}.Debug|Any CPU.ActiveCfg = Debug|Any CPU
		{62424E1F-B6BE-42A4-836D-188FD9D0B0B5}.Debug|Any CPU.Build.0 = Debug|Any CPU
		{62424E1F-B6BE-42A4-836D-188FD9D0B0B5}.Release|Any CPU.ActiveCfg = Release|Any CPU
		{62424E1F-B6BE-42A4-836D-188FD9D0B0B5}.Release|Any CPU.Build.0 = Release|Any CPU
	EndGlobalSection
	GlobalSection(SolutionProperties) = preSolution
		HideSolutionNode = FALSE
	EndGlobalSection
	GlobalSection(ExtensibilityGlobals) = postSolution
		SolutionGuid = {3EFF4441-9A8B-4333-8EEA-8BB7D074B161}
	EndGlobalSection
EndGlobal
